
Microsoft Visual Studio Solution File, Format Version 12.00
# Visual Studio 15
VisualStudioVersion = 15.0.28307.271
MinimumVisualStudioVersion = 10.0.40219.1
Project("{FAE04EC0-301F-11D3-BF4B-00C04F79EFBC}") = "OrderByKioskWebAPI", "OrderByKioskWebAPI\OrderByKioskWebAPI.csproj", "{53110368-F0FF-49D8-B2E5-2C8755556C95}"
EndProject
Global
	GlobalSection(SolutionConfigurationPlatforms) = preSolution
		Debug|Any CPU = Debug|Any CPU
		Release|Any CPU = Release|Any CPU
	EndGlobalSection
	GlobalSection(ProjectConfigurationPlatforms) = postSolution
		{53110368-F0FF-49D8-B2E5-2C8755556C95}.Debug|Any CPU.ActiveCfg = Debug|Any CPU
		{53110368-F0FF-49D8-B2E5-2C8755556C95}.Debug|Any CPU.Build.0 = Debug|Any CPU
		{53110368-F0FF-49D8-B2E5-2C8755556C95}.Release|Any CPU.ActiveCfg = Release|Any CPU
		{53110368-F0FF-49D8-B2E5-2C8755556C95}.Release|Any CPU.Build.0 = Release|Any CPU
	EndGlobalSection
	GlobalSection(SolutionProperties) = preSolution
		HideSolutionNode = FALSE
	EndGlobalSection
	GlobalSection(ExtensibilityGlobals) = postSolution
		SolutionGuid = {6750473D-EDB4-4AD1-B0A1-BA1599EC3AA3}
	EndGlobalSection
EndGlobal
